// !$*UTF8*$!
{
	archiveVersion = 1;
	classes = {
	};
	objectVersion = 46;
	objects = {

/* Begin PBXBuildFile section */
		03405C0C1DBB080F00D8590F /* Alamofire.framework in Frameworks */ = {isa = PBXBuildFile; fileRef = 03405BFF1DBB07AD00D8590F /* Alamofire.framework */; };
		03405C0D1DBB080F00D8590F /* Alamofire.framework in Embed Frameworks */ = {isa = PBXBuildFile; fileRef = 03405BFF1DBB07AD00D8590F /* Alamofire.framework */; settings = {ATTRIBUTES = (CodeSignOnCopy, RemoveHeadersOnCopy, ); }; };
		03405C1D1DBB1CE700D8590F /* sky.png in Resources */ = {isa = PBXBuildFile; fileRef = 03405C1C1DBB1CE700D8590F /* sky.png */; };
		03405C1F1DBB1D9300D8590F /* sky1.png in Resources */ = {isa = PBXBuildFile; fileRef = 03405C1E1DBB1D9300D8590F /* sky1.png */; };
		03405C211DBB1E0D00D8590F /* happy.jpg in Resources */ = {isa = PBXBuildFile; fileRef = 03405C201DBB1E0D00D8590F /* happy.jpg */; };
		03405C231DBB1FCC00D8590F /* cutecat.jpg in Resources */ = {isa = PBXBuildFile; fileRef = 03405C221DBB1FCC00D8590F /* cutecat.jpg */; };
		03405C251DBB219000D8590F /* cutecat1.jpeg in Resources */ = {isa = PBXBuildFile; fileRef = 03405C241DBB219000D8590F /* cutecat1.jpeg */; };
		03405C271DBB224200D8590F /* cutecat2.jpg in Resources */ = {isa = PBXBuildFile; fileRef = 03405C261DBB224200D8590F /* cutecat2.jpg */; };
		03405C291DBB227E00D8590F /* cat2.png in Resources */ = {isa = PBXBuildFile; fileRef = 03405C281DBB227E00D8590F /* cat2.png */; };
		03A13CE81DBBF9C3007D699B /* meow.mp3 in Resources */ = {isa = PBXBuildFile; fileRef = 03A13CE71DBBF9C3007D699B /* meow.mp3 */; };
		03BECB4C1DBB001B00BE63F1 /* AppDelegate.swift in Sources */ = {isa = PBXBuildFile; fileRef = 03BECB4B1DBB001B00BE63F1 /* AppDelegate.swift */; };
		03BECB4E1DBB001B00BE63F1 /* ViewController.swift in Sources */ = {isa = PBXBuildFile; fileRef = 03BECB4D1DBB001B00BE63F1 /* ViewController.swift */; };
		03BECB511DBB001B00BE63F1 /* Main.storyboard in Resources */ = {isa = PBXBuildFile; fileRef = 03BECB4F1DBB001B00BE63F1 /* Main.storyboard */; };
		03BECB531DBB001B00BE63F1 /* Assets.xcassets in Resources */ = {isa = PBXBuildFile; fileRef = 03BECB521DBB001B00BE63F1 /* Assets.xcassets */; };
		03BECB561DBB001B00BE63F1 /* LaunchScreen.storyboard in Resources */ = {isa = PBXBuildFile; fileRef = 03BECB541DBB001B00BE63F1 /* LaunchScreen.storyboard */; };
		03BECB611DBB001B00BE63F1 /* CatFeeder1Tests.swift in Sources */ = {isa = PBXBuildFile; fileRef = 03BECB601DBB001B00BE63F1 /* CatFeeder1Tests.swift */; };
		03BECB6C1DBB001B00BE63F1 /* CatFeeder1UITests.swift in Sources */ = {isa = PBXBuildFile; fileRef = 03BECB6B1DBB001B00BE63F1 /* CatFeeder1UITests.swift */; };
		1CE6D87B1DBC009F00A9160F /* Alamofire-master in Resources */ = {isa = PBXBuildFile; fileRef = 1CE6D87A1DBC009F00A9160F /* Alamofire-master */; };
/* End PBXBuildFile section */

/* Begin PBXContainerItemProxy section */
		03405BFE1DBB07AD00D8590F /* PBXContainerItemProxy */ = {
			isa = PBXContainerItemProxy;
			containerPortal = 03405BF31DBB07AD00D8590F /* Alamofire.xcodeproj */;
			proxyType = 2;
			remoteGlobalIDString = F8111E3319A95C8B0040E7D1;
			remoteInfo = "Alamofire iOS";
		};
		03405C001DBB07AD00D8590F /* PBXContainerItemProxy */ = {
			isa = PBXContainerItemProxy;
			containerPortal = 03405BF31DBB07AD00D8590F /* Alamofire.xcodeproj */;
			proxyType = 2;
			remoteGlobalIDString = F8111E3E19A95C8B0040E7D1;
			remoteInfo = "Alamofire iOS Tests";
		};
		03405C021DBB07AD00D8590F /* PBXContainerItemProxy */ = {
			isa = PBXContainerItemProxy;
			containerPortal = 03405BF31DBB07AD00D8590F /* Alamofire.xcodeproj */;
			proxyType = 2;
			remoteGlobalIDString = 4DD67C0B1A5C55C900ED2280;
			remoteInfo = "Alamofire macOS";
		};
		03405C041DBB07AD00D8590F /* PBXContainerItemProxy */ = {
			isa = PBXContainerItemProxy;
			containerPortal = 03405BF31DBB07AD00D8590F /* Alamofire.xcodeproj */;
			proxyType = 2;
			remoteGlobalIDString = F829C6B21A7A94F100A2CD59;
			remoteInfo = "Alamofire macOS Tests";
		};
		03405C061DBB07AD00D8590F /* PBXContainerItemProxy */ = {
			isa = PBXContainerItemProxy;
			containerPortal = 03405BF31DBB07AD00D8590F /* Alamofire.xcodeproj */;
			proxyType = 2;
			remoteGlobalIDString = 4CF626EF1BA7CB3E0011A099;
			remoteInfo = "Alamofire tvOS";
		};
		03405C081DBB07AD00D8590F /* PBXContainerItemProxy */ = {
			isa = PBXContainerItemProxy;
			containerPortal = 03405BF31DBB07AD00D8590F /* Alamofire.xcodeproj */;
			proxyType = 2;
			remoteGlobalIDString = 4CF626F81BA7CB3E0011A099;
			remoteInfo = "Alamofire tvOS Tests";
		};
		03405C0A1DBB07AD00D8590F /* PBXContainerItemProxy */ = {
			isa = PBXContainerItemProxy;
			containerPortal = 03405BF31DBB07AD00D8590F /* Alamofire.xcodeproj */;
			proxyType = 2;
			remoteGlobalIDString = E4202FE01B667AA100C997FB;
			remoteInfo = "Alamofire watchOS";
		};
		03405C0E1DBB080F00D8590F /* PBXContainerItemProxy */ = {
			isa = PBXContainerItemProxy;
			containerPortal = 03405BF31DBB07AD00D8590F /* Alamofire.xcodeproj */;
			proxyType = 1;
			remoteGlobalIDString = F8111E3219A95C8B0040E7D1;
			remoteInfo = "Alamofire iOS";
		};
		03A13CD51DBBF6DA007D699B /* PBXContainerItemProxy */ = {
			isa = PBXContainerItemProxy;
			containerPortal = 03A13CCA1DBBF6DA007D699B /* Alamofire.xcodeproj */;
			proxyType = 2;
			remoteGlobalIDString = F8111E3319A95C8B0040E7D1;
			remoteInfo = "Alamofire iOS";
		};
		03A13CD71DBBF6DA007D699B /* PBXContainerItemProxy */ = {
			isa = PBXContainerItemProxy;
			containerPortal = 03A13CCA1DBBF6DA007D699B /* Alamofire.xcodeproj */;
			proxyType = 2;
			remoteGlobalIDString = F8111E3E19A95C8B0040E7D1;
			remoteInfo = "Alamofire iOS Tests";
		};
		03A13CD91DBBF6DA007D699B /* PBXContainerItemProxy */ = {
			isa = PBXContainerItemProxy;
			containerPortal = 03A13CCA1DBBF6DA007D699B /* Alamofire.xcodeproj */;
			proxyType = 2;
			remoteGlobalIDString = 4DD67C0B1A5C55C900ED2280;
			remoteInfo = "Alamofire macOS";
		};
		03A13CDB1DBBF6DA007D699B /* PBXContainerItemProxy */ = {
			isa = PBXContainerItemProxy;
			containerPortal = 03A13CCA1DBBF6DA007D699B /* Alamofire.xcodeproj */;
			proxyType = 2;
			remoteGlobalIDString = F829C6B21A7A94F100A2CD59;
			remoteInfo = "Alamofire macOS Tests";
		};
		03A13CDD1DBBF6DA007D699B /* PBXContainerItemProxy */ = {
			isa = PBXContainerItemProxy;
			containerPortal = 03A13CCA1DBBF6DA007D699B /* Alamofire.xcodeproj */;
			proxyType = 2;
			remoteGlobalIDString = 4CF626EF1BA7CB3E0011A099;
			remoteInfo = "Alamofire tvOS";
		};
		03A13CDF1DBBF6DA007D699B /* PBXContainerItemProxy */ = {
			isa = PBXContainerItemProxy;
			containerPortal = 03A13CCA1DBBF6DA007D699B /* Alamofire.xcodeproj */;
			proxyType = 2;
			remoteGlobalIDString = 4CF626F81BA7CB3E0011A099;
			remoteInfo = "Alamofire tvOS Tests";
		};
		03A13CE11DBBF6DA007D699B /* PBXContainerItemProxy */ = {
			isa = PBXContainerItemProxy;
			containerPortal = 03A13CCA1DBBF6DA007D699B /* Alamofire.xcodeproj */;
			proxyType = 2;
			remoteGlobalIDString = E4202FE01B667AA100C997FB;
			remoteInfo = "Alamofire watchOS";
		};
		03BECB5D1DBB001B00BE63F1 /* PBXContainerItemProxy */ = {
			isa = PBXContainerItemProxy;
			containerPortal = 03BECB401DBB001B00BE63F1 /* Project object */;
			proxyType = 1;
			remoteGlobalIDString = 03BECB471DBB001B00BE63F1;
			remoteInfo = CatFeeder1;
		};
		03BECB681DBB001B00BE63F1 /* PBXContainerItemProxy */ = {
			isa = PBXContainerItemProxy;
			containerPortal = 03BECB401DBB001B00BE63F1 /* Project object */;
			proxyType = 1;
			remoteGlobalIDString = 03BECB471DBB001B00BE63F1;
			remoteInfo = CatFeeder1;
		};
/* End PBXContainerItemProxy section */

/* Begin PBXCopyFilesBuildPhase section */
		03BECBB11DBB05EC00BE63F1 /* Embed Frameworks */ = {
			isa = PBXCopyFilesBuildPhase;
			buildActionMask = 2147483647;
			dstPath = "";
			dstSubfolderSpec = 10;
			files = (
				03405C0D1DBB080F00D8590F /* Alamofire.framework in Embed Frameworks */,
			);
			name = "Embed Frameworks";
			runOnlyForDeploymentPostprocessing = 0;
		};
/* End PBXCopyFilesBuildPhase section */

/* Begin PBXFileReference section */
		03405BF31DBB07AD00D8590F /* Alamofire.xcodeproj */ = {isa = PBXFileReference; lastKnownFileType = "wrapper.pb-project"; name = Alamofire.xcodeproj; path = "../Downloads/Alamofire-master/Alamofire.xcodeproj"; sourceTree = "<group>"; };
		03405C1C1DBB1CE700D8590F /* sky.png */ = {isa = PBXFileReference; lastKnownFileType = image.png; path = sky.png; sourceTree = "<group>"; };
		03405C1E1DBB1D9300D8590F /* sky1.png */ = {isa = PBXFileReference; lastKnownFileType = image.png; path = sky1.png; sourceTree = "<group>"; };
		03405C201DBB1E0D00D8590F /* happy.jpg */ = {isa = PBXFileReference; lastKnownFileType = image.jpeg; path = happy.jpg; sourceTree = "<group>"; };
		03405C221DBB1FCC00D8590F /* cutecat.jpg */ = {isa = PBXFileReference; lastKnownFileType = image.jpeg; path = cutecat.jpg; sourceTree = "<group>"; };
		03405C241DBB219000D8590F /* cutecat1.jpeg */ = {isa = PBXFileReference; lastKnownFileType = image.jpeg; path = cutecat1.jpeg; sourceTree = "<group>"; };
		03405C261DBB224200D8590F /* cutecat2.jpg */ = {isa = PBXFileReference; lastKnownFileType = image.jpeg; path = cutecat2.jpg; sourceTree = "<group>"; };
		03405C281DBB227E00D8590F /* cat2.png */ = {isa = PBXFileReference; lastKnownFileType = image.png; path = cat2.png; sourceTree = "<group>"; };
		03A13CCA1DBBF6DA007D699B /* Alamofire.xcodeproj */ = {isa = PBXFileReference; lastKnownFileType = "wrapper.pb-project"; name = Alamofire.xcodeproj; path = "../../../../Downloads/Alamofire-master/Alamofire.xcodeproj"; sourceTree = "<group>"; };
		03A13CE71DBBF9C3007D699B /* meow.mp3 */ = {isa = PBXFileReference; lastKnownFileType = audio.mp3; name = meow.mp3; path = CatFeeder1/meow.mp3; sourceTree = "<group>"; };
		03BECB481DBB001B00BE63F1 /* CatFeeder1.app */ = {isa = PBXFileReference; explicitFileType = wrapper.application; includeInIndex = 0; path = CatFeeder1.app; sourceTree = BUILT_PRODUCTS_DIR; };
		03BECB4B1DBB001B00BE63F1 /* AppDelegate.swift */ = {isa = PBXFileReference; lastKnownFileType = sourcecode.swift; path = AppDelegate.swift; sourceTree = "<group>"; };
		03BECB4D1DBB001B00BE63F1 /* ViewController.swift */ = {isa = PBXFileReference; lastKnownFileType = sourcecode.swift; path = ViewController.swift; sourceTree = "<group>"; };
		03BECB501DBB001B00BE63F1 /* Base */ = {isa = PBXFileReference; lastKnownFileType = file.storyboard; name = Base; path = Base.lproj/Main.storyboard; sourceTree = "<group>"; };
		03BECB521DBB001B00BE63F1 /* Assets.xcassets */ = {isa = PBXFileReference; lastKnownFileType = folder.assetcatalog; path = Assets.xcassets; sourceTree = "<group>"; };
		03BECB551DBB001B00BE63F1 /* Base */ = {isa = PBXFileReference; lastKnownFileType = file.storyboard; name = Base; path = Base.lproj/LaunchScreen.storyboard; sourceTree = "<group>"; };
		03BECB571DBB001B00BE63F1 /* Info.plist */ = {isa = PBXFileReference; lastKnownFileType = text.plist.xml; path = Info.plist; sourceTree = "<group>"; };
		03BECB5C1DBB001B00BE63F1 /* CatFeeder1Tests.xctest */ = {isa = PBXFileReference; explicitFileType = wrapper.cfbundle; includeInIndex = 0; path = CatFeeder1Tests.xctest; sourceTree = BUILT_PRODUCTS_DIR; };
		03BECB601DBB001B00BE63F1 /* CatFeeder1Tests.swift */ = {isa = PBXFileReference; lastKnownFileType = sourcecode.swift; path = CatFeeder1Tests.swift; sourceTree = "<group>"; };
		03BECB621DBB001B00BE63F1 /* Info.plist */ = {isa = PBXFileReference; lastKnownFileType = text.plist.xml; path = Info.plist; sourceTree = "<group>"; };
		03BECB671DBB001B00BE63F1 /* CatFeeder1UITests.xctest */ = {isa = PBXFileReference; explicitFileType = wrapper.cfbundle; includeInIndex = 0; path = CatFeeder1UITests.xctest; sourceTree = BUILT_PRODUCTS_DIR; };
		03BECB6B1DBB001B00BE63F1 /* CatFeeder1UITests.swift */ = {isa = PBXFileReference; lastKnownFileType = sourcecode.swift; path = CatFeeder1UITests.swift; sourceTree = "<group>"; };
		03BECB6D1DBB001B00BE63F1 /* Info.plist */ = {isa = PBXFileReference; lastKnownFileType = text.plist.xml; path = Info.plist; sourceTree = "<group>"; };
		1CE6D87A1DBC009F00A9160F /* Alamofire-master */ = {isa = PBXFileReference; lastKnownFileType = folder; name = "Alamofire-master"; path = "../Alamofire-master"; sourceTree = "<group>"; };
/* End PBXFileReference section */

/* Begin PBXFrameworksBuildPhase section */
		03BECB451DBB001B00BE63F1 /* Frameworks */ = {
			isa = PBXFrameworksBuildPhase;
			buildActionMask = 2147483647;
			files = (
				03405C0C1DBB080F00D8590F /* Alamofire.framework in Frameworks */,
			);
			runOnlyForDeploymentPostprocessing = 0;
		};
		03BECB591DBB001B00BE63F1 /* Frameworks */ = {
			isa = PBXFrameworksBuildPhase;
			buildActionMask = 2147483647;
			files = (
			);
			runOnlyForDeploymentPostprocessing = 0;
		};
		03BECB641DBB001B00BE63F1 /* Frameworks */ = {
			isa = PBXFrameworksBuildPhase;
			buildActionMask = 2147483647;
			files = (
			);
			runOnlyForDeploymentPostprocessing = 0;
		};
/* End PBXFrameworksBuildPhase section */

/* Begin PBXGroup section */
		03405BF41DBB07AD00D8590F /* Products */ = {
			isa = PBXGroup;
			children = (
				03405BFF1DBB07AD00D8590F /* Alamofire.framework */,
				03405C011DBB07AD00D8590F /* Alamofire iOS Tests.xctest */,
				03405C031DBB07AD00D8590F /* Alamofire.framework */,
				03405C051DBB07AD00D8590F /* Alamofire macOS Tests.xctest */,
				03405C071DBB07AD00D8590F /* Alamofire.framework */,
				03405C091DBB07AD00D8590F /* Alamofire tvOS Tests.xctest */,
				03405C0B1DBB07AD00D8590F /* Alamofire.framework */,
			);
			name = Products;
			sourceTree = "<group>";
		};
		03A13CCB1DBBF6DA007D699B /* Products */ = {
			isa = PBXGroup;
			children = (
				03A13CD61DBBF6DA007D699B /* Alamofire.framework */,
				03A13CD81DBBF6DA007D699B /* Alamofire iOS Tests.xctest */,
				03A13CDA1DBBF6DA007D699B /* Alamofire.framework */,
				03A13CDC1DBBF6DA007D699B /* Alamofire macOS Tests.xctest */,
				03A13CDE1DBBF6DA007D699B /* Alamofire.framework */,
				03A13CE01DBBF6DA007D699B /* Alamofire tvOS Tests.xctest */,
				03A13CE21DBBF6DA007D699B /* Alamofire.framework */,
			);
			name = Products;
			sourceTree = "<group>";
		};
		03BECB3F1DBB001B00BE63F1 = {
			isa = PBXGroup;
			children = (
				1CE6D87A1DBC009F00A9160F /* Alamofire-master */,
				03A13CE71DBBF9C3007D699B /* meow.mp3 */,
				03405BF31DBB07AD00D8590F /* Alamofire.xcodeproj */,
				03A13CCA1DBBF6DA007D699B /* Alamofire.xcodeproj */,
				03BECB4A1DBB001B00BE63F1 /* CatFeeder1 */,
				03BECB5F1DBB001B00BE63F1 /* CatFeeder1Tests */,
				03BECB6A1DBB001B00BE63F1 /* CatFeeder1UITests */,
				03BECB491DBB001B00BE63F1 /* Products */,
			);
			sourceTree = "<group>";
		};
		03BECB491DBB001B00BE63F1 /* Products */ = {
			isa = PBXGroup;
			children = (
				03BECB481DBB001B00BE63F1 /* CatFeeder1.app */,
				03BECB5C1DBB001B00BE63F1 /* CatFeeder1Tests.xctest */,
				03BECB671DBB001B00BE63F1 /* CatFeeder1UITests.xctest */,
			);
			name = Products;
			sourceTree = "<group>";
		};
		03BECB4A1DBB001B00BE63F1 /* CatFeeder1 */ = {
			isa = PBXGroup;
			children = (
				03BECB4B1DBB001B00BE63F1 /* AppDelegate.swift */,
				03BECB4D1DBB001B00BE63F1 /* ViewController.swift */,
				03405C201DBB1E0D00D8590F /* happy.jpg */,
				03405C1E1DBB1D9300D8590F /* sky1.png */,
				03405C1C1DBB1CE700D8590F /* sky.png */,
				03BECB4F1DBB001B00BE63F1 /* Main.storyboard */,
				03405C221DBB1FCC00D8590F /* cutecat.jpg */,
				03405C241DBB219000D8590F /* cutecat1.jpeg */,
				03405C261DBB224200D8590F /* cutecat2.jpg */,
				03405C281DBB227E00D8590F /* cat2.png */,
				03BECB521DBB001B00BE63F1 /* Assets.xcassets */,
				03BECB541DBB001B00BE63F1 /* LaunchScreen.storyboard */,
				03BECB571DBB001B00BE63F1 /* Info.plist */,
			);
			path = CatFeeder1;
			sourceTree = "<group>";
		};
		03BECB5F1DBB001B00BE63F1 /* CatFeeder1Tests */ = {
			isa = PBXGroup;
			children = (
				03BECB601DBB001B00BE63F1 /* CatFeeder1Tests.swift */,
				03BECB621DBB001B00BE63F1 /* Info.plist */,
			);
			path = CatFeeder1Tests;
			sourceTree = "<group>";
		};
		03BECB6A1DBB001B00BE63F1 /* CatFeeder1UITests */ = {
			isa = PBXGroup;
			children = (
				03BECB6B1DBB001B00BE63F1 /* CatFeeder1UITests.swift */,
				03BECB6D1DBB001B00BE63F1 /* Info.plist */,
			);
			path = CatFeeder1UITests;
			sourceTree = "<group>";
		};
/* End PBXGroup section */

/* Begin PBXNativeTarget section */
		03BECB471DBB001B00BE63F1 /* CatFeeder1 */ = {
			isa = PBXNativeTarget;
			buildConfigurationList = 03BECB701DBB001B00BE63F1 /* Build configuration list for PBXNativeTarget "CatFeeder1" */;
			buildPhases = (
				03BECB441DBB001B00BE63F1 /* Sources */,
				03BECB451DBB001B00BE63F1 /* Frameworks */,
				03BECB461DBB001B00BE63F1 /* Resources */,
				03BECBB11DBB05EC00BE63F1 /* Embed Frameworks */,
			);
			buildRules = (
			);
			dependencies = (
				03405C0F1DBB080F00D8590F /* PBXTargetDependency */,
			);
			name = CatFeeder1;
			productName = CatFeeder1;
			productReference = 03BECB481DBB001B00BE63F1 /* CatFeeder1.app */;
			productType = "com.apple.product-type.application";
		};
		03BECB5B1DBB001B00BE63F1 /* CatFeeder1Tests */ = {
			isa = PBXNativeTarget;
			buildConfigurationList = 03BECB731DBB001B00BE63F1 /* Build configuration list for PBXNativeTarget "CatFeeder1Tests" */;
			buildPhases = (
				03BECB581DBB001B00BE63F1 /* Sources */,
				03BECB591DBB001B00BE63F1 /* Frameworks */,
				03BECB5A1DBB001B00BE63F1 /* Resources */,
			);
			buildRules = (
			);
			dependencies = (
				03BECB5E1DBB001B00BE63F1 /* PBXTargetDependency */,
			);
			name = CatFeeder1Tests;
			productName = CatFeeder1Tests;
			productReference = 03BECB5C1DBB001B00BE63F1 /* CatFeeder1Tests.xctest */;
			productType = "com.apple.product-type.bundle.unit-test";
		};
		03BECB661DBB001B00BE63F1 /* CatFeeder1UITests */ = {
			isa = PBXNativeTarget;
			buildConfigurationList = 03BECB761DBB001B00BE63F1 /* Build configuration list for PBXNativeTarget "CatFeeder1UITests" */;
			buildPhases = (
				03BECB631DBB001B00BE63F1 /* Sources */,
				03BECB641DBB001B00BE63F1 /* Frameworks */,
				03BECB651DBB001B00BE63F1 /* Resources */,
			);
			buildRules = (
			);
			dependencies = (
				03BECB691DBB001B00BE63F1 /* PBXTargetDependency */,
			);
			name = CatFeeder1UITests;
			productName = CatFeeder1UITests;
			productReference = 03BECB671DBB001B00BE63F1 /* CatFeeder1UITests.xctest */;
			productType = "com.apple.product-type.bundle.ui-testing";
		};
/* End PBXNativeTarget section */

/* Begin PBXProject section */
		03BECB401DBB001B00BE63F1 /* Project object */ = {
			isa = PBXProject;
			attributes = {
				LastSwiftUpdateCheck = 0800;
				LastUpgradeCheck = 0800;
				ORGANIZATIONNAME = HackGT;
				TargetAttributes = {
					03BECB471DBB001B00BE63F1 = {
						CreatedOnToolsVersion = 8.0;
						ProvisioningStyle = Automatic;
					};
					03BECB5B1DBB001B00BE63F1 = {
						CreatedOnToolsVersion = 8.0;
						ProvisioningStyle = Automatic;
						TestTargetID = 03BECB471DBB001B00BE63F1;
					};
					03BECB661DBB001B00BE63F1 = {
						CreatedOnToolsVersion = 8.0;
						ProvisioningStyle = Automatic;
						TestTargetID = 03BECB471DBB001B00BE63F1;
					};
				};
			};
			buildConfigurationList = 03BECB431DBB001B00BE63F1 /* Build configuration list for PBXProject "CatFeeder1" */;
			compatibilityVersion = "Xcode 3.2";
			developmentRegion = English;
			hasScannedForEncodings = 0;
			knownRegions = (
				en,
				Base,
			);
			mainGroup = 03BECB3F1DBB001B00BE63F1;
			productRefGroup = 03BECB491DBB001B00BE63F1 /* Products */;
			projectDirPath = "";
			projectReferences = (
				{
					ProductGroup = 03405BF41DBB07AD00D8590F /* Products */;
					ProjectRef = 03405BF31DBB07AD00D8590F /* Alamofire.xcodeproj */;
				},
				{
					ProductGroup = 03A13CCB1DBBF6DA007D699B /* Products */;
					ProjectRef = 03A13CCA1DBBF6DA007D699B /* Alamofire.xcodeproj */;
				},
			);
			projectRoot = "";
			targets = (
				03BECB471DBB001B00BE63F1 /* CatFeeder1 */,
				03BECB5B1DBB001B00BE63F1 /* CatFeeder1Tests */,
				03BECB661DBB001B00BE63F1 /* CatFeeder1UITests */,
			);
		};
/* End PBXProject section */

/* Begin PBXReferenceProxy section */
		03405BFF1DBB07AD00D8590F /* Alamofire.framework */ = {
			isa = PBXReferenceProxy;
			fileType = wrapper.framework;
			path = Alamofire.framework;
			remoteRef = 03405BFE1DBB07AD00D8590F /* PBXContainerItemProxy */;
			sourceTree = BUILT_PRODUCTS_DIR;
		};
		03405C011DBB07AD00D8590F /* Alamofire iOS Tests.xctest */ = {
			isa = PBXReferenceProxy;
			fileType = wrapper.cfbundle;
			path = "Alamofire iOS Tests.xctest";
			remoteRef = 03405C001DBB07AD00D8590F /* PBXContainerItemProxy */;
			sourceTree = BUILT_PRODUCTS_DIR;
		};
		03405C031DBB07AD00D8590F /* Alamofire.framework */ = {
			isa = PBXReferenceProxy;
			fileType = wrapper.framework;
			path = Alamofire.framework;
			remoteRef = 03405C021DBB07AD00D8590F /* PBXContainerItemProxy */;
			sourceTree = BUILT_PRODUCTS_DIR;
		};
		03405C051DBB07AD00D8590F /* Alamofire macOS Tests.xctest */ = {
			isa = PBXReferenceProxy;
			fileType = wrapper.cfbundle;
			path = "Alamofire macOS Tests.xctest";
			remoteRef = 03405C041DBB07AD00D8590F /* PBXContainerItemProxy */;
			sourceTree = BUILT_PRODUCTS_DIR;
		};
		03405C071DBB07AD00D8590F /* Alamofire.framework */ = {
			isa = PBXReferenceProxy;
			fileType = wrapper.framework;
			path = Alamofire.framework;
			remoteRef = 03405C061DBB07AD00D8590F /* PBXContainerItemProxy */;
			sourceTree = BUILT_PRODUCTS_DIR;
		};
		03405C091DBB07AD00D8590F /* Alamofire tvOS Tests.xctest */ = {
			isa = PBXReferenceProxy;
			fileType = wrapper.cfbundle;
			path = "Alamofire tvOS Tests.xctest";
			remoteRef = 03405C081DBB07AD00D8590F /* PBXContainerItemProxy */;
			sourceTree = BUILT_PRODUCTS_DIR;
		};
		03405C0B1DBB07AD00D8590F /* Alamofire.framework */ = {
			isa = PBXReferenceProxy;
			fileType = wrapper.framework;
			path = Alamofire.framework;
			remoteRef = 03405C0A1DBB07AD00D8590F /* PBXContainerItemProxy */;
			sourceTree = BUILT_PRODUCTS_DIR;
		};
		03A13CD61DBBF6DA007D699B /* Alamofire.framework */ = {
			isa = PBXReferenceProxy;
			fileType = wrapper.framework;
			path = Alamofire.framework;
			remoteRef = 03A13CD51DBBF6DA007D699B /* PBXContainerItemProxy */;
			sourceTree = BUILT_PRODUCTS_DIR;
		};
		03A13CD81DBBF6DA007D699B /* Alamofire iOS Tests.xctest */ = {
			isa = PBXReferenceProxy;
			fileType = wrapper.cfbundle;
			path = "Alamofire iOS Tests.xctest";
			remoteRef = 03A13CD71DBBF6DA007D699B /* PBXContainerItemProxy */;
			sourceTree = BUILT_PRODUCTS_DIR;
		};
		03A13CDA1DBBF6DA007D699B /* Alamofire.framework */ = {
			isa = PBXReferenceProxy;
			fileType = wrapper.framework;
			path = Alamofire.framework;
			remoteRef = 03A13CD91DBBF6DA007D699B /* PBXContainerItemProxy */;
			sourceTree = BUILT_PRODUCTS_DIR;
		};
		03A13CDC1DBBF6DA007D699B /* Alamofire macOS Tests.xctest */ = {
			isa = PBXReferenceProxy;
			fileType = wrapper.cfbundle;
			path = "Alamofire macOS Tests.xctest";
			remoteRef = 03A13CDB1DBBF6DA007D699B /* PBXContainerItemProxy */;
			sourceTree = BUILT_PRODUCTS_DIR;
		};
		03A13CDE1DBBF6DA007D699B /* Alamofire.framework */ = {
			isa = PBXReferenceProxy;
			fileType = wrapper.framework;
			path = Alamofire.framework;
			remoteRef = 03A13CDD1DBBF6DA007D699B /* PBXContainerItemProxy */;
			sourceTree = BUILT_PRODUCTS_DIR;
		};
		03A13CE01DBBF6DA007D699B /* Alamofire tvOS Tests.xctest */ = {
			isa = PBXReferenceProxy;
			fileType = wrapper.cfbundle;
			path = "Alamofire tvOS Tests.xctest";
			remoteRef = 03A13CDF1DBBF6DA007D699B /* PBXContainerItemProxy */;
			sourceTree = BUILT_PRODUCTS_DIR;
		};
		03A13CE21DBBF6DA007D699B /* Alamofire.framework */ = {
			isa = PBXReferenceProxy;
			fileType = wrapper.framework;
			path = Alamofire.framework;
			remoteRef = 03A13CE11DBBF6DA007D699B /* PBXContainerItemProxy */;
			sourceTree = BUILT_PRODUCTS_DIR;
		};
/* End PBXReferenceProxy section */

/* Begin PBXResourcesBuildPhase section */
		03BECB461DBB001B00BE63F1 /* Resources */ = {
			isa = PBXResourcesBuildPhase;
			buildActionMask = 2147483647;
			files = (
				03BECB561DBB001B00BE63F1 /* LaunchScreen.storyboard in Resources */,
				03A13CE81DBBF9C3007D699B /* meow.mp3 in Resources */,
				03405C1D1DBB1CE700D8590F /* sky.png in Resources */,
				03405C271DBB224200D8590F /* cutecat2.jpg in Resources */,
				03405C251DBB219000D8590F /* cutecat1.jpeg in Resources */,
				03405C291DBB227E00D8590F /* cat2.png in Resources */,
				03BECB531DBB001B00BE63F1 /* Assets.xcassets in Resources */,
				03405C231DBB1FCC00D8590F /* cutecat.jpg in Resources */,
				03BECB511DBB001B00BE63F1 /* Main.storyboard in Resources */,
				1CE6D87B1DBC009F00A9160F /* Alamofire-master in Resources */,
				03405C1F1DBB1D9300D8590F /* sky1.png in Resources */,
				03405C211DBB1E0D00D8590F /* happy.jpg in Resources */,
			);
			runOnlyForDeploymentPostprocessing = 0;
		};
		03BECB5A1DBB001B00BE63F1 /* Resources */ = {
			isa = PBXResourcesBuildPhase;
			buildActionMask = 2147483647;
			files = (
			);
			runOnlyForDeploymentPostprocessing = 0;
		};
		03BECB651DBB001B00BE63F1 /* Resources */ = {
			isa = PBXResourcesBuildPhase;
			buildActionMask = 2147483647;
			files = (
			);
			runOnlyForDeploymentPostprocessing = 0;
		};
/* End PBXResourcesBuildPhase section */

/* Begin PBXSourcesBuildPhase section */
		03BECB441DBB001B00BE63F1 /* Sources */ = {
			isa = PBXSourcesBuildPhase;
			buildActionMask = 2147483647;
			files = (
				03BECB4E1DBB001B00BE63F1 /* ViewController.swift in Sources */,
				03BECB4C1DBB001B00BE63F1 /* AppDelegate.swift in Sources */,
			);
			runOnlyForDeploymentPostprocessing = 0;
		};
		03BECB581DBB001B00BE63F1 /* Sources */ = {
			isa = PBXSourcesBuildPhase;
			buildActionMask = 2147483647;
			files = (
				03BECB611DBB001B00BE63F1 /* CatFeeder1Tests.swift in Sources */,
			);
			runOnlyForDeploymentPostprocessing = 0;
		};
		03BECB631DBB001B00BE63F1 /* Sources */ = {
			isa = PBXSourcesBuildPhase;
			buildActionMask = 2147483647;
			files = (
				03BECB6C1DBB001B00BE63F1 /* CatFeeder1UITests.swift in Sources */,
			);
			runOnlyForDeploymentPostprocessing = 0;
		};
/* End PBXSourcesBuildPhase section */

/* Begin PBXTargetDependency section */
		03405C0F1DBB080F00D8590F /* PBXTargetDependency */ = {
			isa = PBXTargetDependency;
			name = "Alamofire iOS";
			targetProxy = 03405C0E1DBB080F00D8590F /* PBXContainerItemProxy */;
		};
		03BECB5E1DBB001B00BE63F1 /* PBXTargetDependency */ = {
			isa = PBXTargetDependency;
			target = 03BECB471DBB001B00BE63F1 /* CatFeeder1 */;
			targetProxy = 03BECB5D1DBB001B00BE63F1 /* PBXContainerItemProxy */;
		};
		03BECB691DBB001B00BE63F1 /* PBXTargetDependency */ = {
			isa = PBXTargetDependency;
			target = 03BECB471DBB001B00BE63F1 /* CatFeeder1 */;
			targetProxy = 03BECB681DBB001B00BE63F1 /* PBXContainerItemProxy */;
		};
/* End PBXTargetDependency section */

/* Begin PBXVariantGroup section */
		03BECB4F1DBB001B00BE63F1 /* Main.storyboard */ = {
			isa = PBXVariantGroup;
			children = (
				03BECB501DBB001B00BE63F1 /* Base */,
			);
			name = Main.storyboard;
			sourceTree = "<group>";
		};
		03BECB541DBB001B00BE63F1 /* LaunchScreen.storyboard */ = {
			isa = PBXVariantGroup;
			children = (
				03BECB551DBB001B00BE63F1 /* Base */,
			);
			name = LaunchScreen.storyboard;
			sourceTree = "<group>";
		};
/* End PBXVariantGroup section */

/* Begin XCBuildConfiguration section */
		03BECB6E1DBB001B00BE63F1 /* Debug */ = {
			isa = XCBuildConfiguration;
			buildSettings = {
				ALWAYS_SEARCH_USER_PATHS = NO;
				CLANG_ANALYZER_NONNULL = YES;
				CLANG_CXX_LANGUAGE_STANDARD = "gnu++0x";
				CLANG_CXX_LIBRARY = "libc++";
				CLANG_ENABLE_MODULES = YES;
				CLANG_ENABLE_OBJC_ARC = YES;
				CLANG_WARN_BOOL_CONVERSION = YES;
				CLANG_WARN_CONSTANT_CONVERSION = YES;
				CLANG_WARN_DIRECT_OBJC_ISA_USAGE = YES_ERROR;
				CLANG_WARN_DOCUMENTATION_COMMENTS = YES;
				CLANG_WARN_EMPTY_BODY = YES;
				CLANG_WARN_ENUM_CONVERSION = YES;
				CLANG_WARN_INFINITE_RECURSION = YES;
				CLANG_WARN_INT_CONVERSION = YES;
				CLANG_WARN_OBJC_ROOT_CLASS = YES_ERROR;
				CLANG_WARN_SUSPICIOUS_MOVES = YES;
				CLANG_WARN_UNREACHABLE_CODE = YES;
				CLANG_WARN__DUPLICATE_METHOD_MATCH = YES;
				"CODE_SIGN_IDENTITY[sdk=iphoneos*]" = "iPhone Developer";
				COPY_PHASE_STRIP = NO;
				DEBUG_INFORMATION_FORMAT = dwarf;
				ENABLE_STRICT_OBJC_MSGSEND = YES;
				ENABLE_TESTABILITY = YES;
				GCC_C_LANGUAGE_STANDARD = gnu99;
				GCC_DYNAMIC_NO_PIC = NO;
				GCC_NO_COMMON_BLOCKS = YES;
				GCC_OPTIMIZATION_LEVEL = 0;
				GCC_PREPROCESSOR_DEFINITIONS = (
					"DEBUG=1",
					"$(inherited)",
				);
				GCC_WARN_64_TO_32_BIT_CONVERSION = YES;
				GCC_WARN_ABOUT_RETURN_TYPE = YES_ERROR;
				GCC_WARN_UNDECLARED_SELECTOR = YES;
				GCC_WARN_UNINITIALIZED_AUTOS = YES_AGGRESSIVE;
				GCC_WARN_UNUSED_FUNCTION = YES;
				GCC_WARN_UNUSED_VARIABLE = YES;
				IPHONEOS_DEPLOYMENT_TARGET = 10.0;
				MTL_ENABLE_DEBUG_INFO = YES;
				ONLY_ACTIVE_ARCH = YES;
				SDKROOT = iphoneos;
				SWIFT_ACTIVE_COMPILATION_CONDITIONS = DEBUG;
				SWIFT_OPTIMIZATION_LEVEL = "-Onone";
				TARGETED_DEVICE_FAMILY = "1,2";
			};
			name = Debug;
		};
		03BECB6F1DBB001B00BE63F1 /* Release */ = {
			isa = XCBuildConfiguration;
			buildSettings = {
				ALWAYS_SEARCH_USER_PATHS = NO;
				CLANG_ANALYZER_NONNULL = YES;
				CLANG_CXX_LANGUAGE_STANDARD = "gnu++0x";
				CLANG_CXX_LIBRARY = "libc++";
				CLANG_ENABLE_MODULES = YES;
				CLANG_ENABLE_OBJC_ARC = YES;
				CLANG_WARN_BOOL_CONVERSION = YES;
				CLANG_WARN_CONSTANT_CONVERSION = YES;
				CLANG_WARN_DIRECT_OBJC_ISA_USAGE = YES_ERROR;
				CLANG_WARN_DOCUMENTATION_COMMENTS = YES;
				CLANG_WARN_EMPTY_BODY = YES;
				CLANG_WARN_ENUM_CONVERSION = YES;
				CLANG_WARN_INFINITE_RECURSION = YES;
				CLANG_WARN_INT_CONVERSION = YES;
				CLANG_WARN_OBJC_ROOT_CLASS = YES_ERROR;
				CLANG_WARN_SUSPICIOUS_MOVES = YES;
				CLANG_WARN_UNREACHABLE_CODE = YES;
				CLANG_WARN__DUPLICATE_METHOD_MATCH = YES;
				"CODE_SIGN_IDENTITY[sdk=iphoneos*]" = "iPhone Developer";
				COPY_PHASE_STRIP = NO;
				DEBUG_INFORMATION_FORMAT = "dwarf-with-dsym";
				ENABLE_NS_ASSERTIONS = NO;
				ENABLE_STRICT_OBJC_MSGSEND = YES;
				GCC_C_LANGUAGE_STANDARD = gnu99;
				GCC_NO_COMMON_BLOCKS = YES;
				GCC_WARN_64_TO_32_BIT_CONVERSION = YES;
				GCC_WARN_ABOUT_RETURN_TYPE = YES_ERROR;
				GCC_WARN_UNDECLARED_SELECTOR = YES;
				GCC_WARN_UNINITIALIZED_AUTOS = YES_AGGRESSIVE;
				GCC_WARN_UNUSED_FUNCTION = YES;
				GCC_WARN_UNUSED_VARIABLE = YES;
				IPHONEOS_DEPLOYMENT_TARGET = 10.0;
				MTL_ENABLE_DEBUG_INFO = NO;
				SDKROOT = iphoneos;
				SWIFT_OPTIMIZATION_LEVEL = "-Owholemodule";
				TARGETED_DEVICE_FAMILY = "1,2";
				VALIDATE_PRODUCT = YES;
			};
			name = Release;
		};
		03BECB711DBB001B00BE63F1 /* Debug */ = {
			isa = XCBuildConfiguration;
			buildSettings = {
				ALWAYS_EMBED_SWIFT_STANDARD_LIBRARIES = YES;
				ASSETCATALOG_COMPILER_APPICON_NAME = AppIcon;
				INFOPLIST_FILE = CatFeeder1/Info.plist;
				LD_RUNPATH_SEARCH_PATHS = "$(inherited) @executable_path/Frameworks";
				PRODUCT_BUNDLE_IDENTIFIER = comNidhi.CatFeeder1;
				PRODUCT_NAME = "$(TARGET_NAME)";
				SWIFT_VERSION = 3.0;
			};
			name = Debug;
		};
		03BECB721DBB001B00BE63F1 /* Release */ = {
			isa = XCBuildConfiguration;
			buildSettings = {
				ALWAYS_EMBED_SWIFT_STANDARD_LIBRARIES = YES;
				ASSETCATALOG_COMPILER_APPICON_NAME = AppIcon;
				INFOPLIST_FILE = CatFeeder1/Info.plist;
				LD_RUNPATH_SEARCH_PATHS = "$(inherited) @executable_path/Frameworks";
				PRODUCT_BUNDLE_IDENTIFIER = comNidhi.CatFeeder1;
				PRODUCT_NAME = "$(TARGET_NAME)";
				SWIFT_VERSION = 3.0;
			};
			name = Release;
		};
		03BECB741DBB001B00BE63F1 /* Debug */ = {
			isa = XCBuildConfiguration;
			buildSettings = {
				ALWAYS_EMBED_SWIFT_STANDARD_LIBRARIES = YES;
				BUNDLE_LOADER = "$(TEST_HOST)";
				INFOPLIST_FILE = CatFeeder1Tests/Info.plist;
				LD_RUNPATH_SEARCH_PATHS = "$(inherited) @executable_path/Frameworks @loader_path/Frameworks";
				PRODUCT_BUNDLE_IDENTIFIER = comNidhi.CatFeeder1Tests;
				PRODUCT_NAME = "$(TARGET_NAME)";
				SWIFT_VERSION = 3.0;
				TEST_HOST = "$(BUILT_PRODUCTS_DIR)/CatFeeder1.app/CatFeeder1";
			};
			name = Debug;
		};
		03BECB751DBB001B00BE63F1 /* Release */ = {
			isa = XCBuildConfiguration;
			buildSettings = {
				ALWAYS_EMBED_SWIFT_STANDARD_LIBRARIES = YES;
				BUNDLE_LOADER = "$(TEST_HOST)";
				INFOPLIST_FILE = CatFeeder1Tests/Info.plist;
				LD_RUNPATH_SEARCH_PATHS = "$(inherited) @executable_path/Frameworks @loader_path/Frameworks";
				PRODUCT_BUNDLE_IDENTIFIER = comNidhi.CatFeeder1Tests;
				PRODUCT_NAME = "$(TARGET_NAME)";
				SWIFT_VERSION = 3.0;
				TEST_HOST = "$(BUILT_PRODUCTS_DIR)/CatFeeder1.app/CatFeeder1";
			};
			name = Release;
		};
		03BECB771DBB001B00BE63F1 /* Debug */ = {
			isa = XCBuildConfiguration;
			buildSettings = {
				ALWAYS_EMBED_SWIFT_STANDARD_LIBRARIES = YES;
				INFOPLIST_FILE = CatFeeder1UITests/Info.plist;
				LD_RUNPATH_SEARCH_PATHS = "$(inherited) @executable_path/Frameworks @loader_path/Frameworks";
				PRODUCT_BUNDLE_IDENTIFIER = comNidhi.CatFeeder1UITests;
				PRODUCT_NAME = "$(TARGET_NAME)";
				SWIFT_VERSION = 3.0;
				TEST_TARGET_NAME = CatFeeder1;
			};
			name = Debug;
		};
		03BECB781DBB001B00BE63F1 /* Release */ = {
			isa = XCBuildConfiguration;
			buildSettings = {
				ALWAYS_EMBED_SWIFT_STANDARD_LIBRARIES = YES;
				INFOPLIST_FILE = CatFeeder1UITests/Info.plist;
				LD_RUNPATH_SEARCH_PATHS = "$(inherited) @executable_path/Frameworks @loader_path/Frameworks";
				PRODUCT_BUNDLE_IDENTIFIER = comNidhi.CatFeeder1UITests;
				PRODUCT_NAME = "$(TARGET_NAME)";
				SWIFT_VERSION = 3.0;
				TEST_TARGET_NAME = CatFeeder1;
			};
			name = Release;
		};
/* End XCBuildConfiguration section */

/* Begin XCConfigurationList section */
		03BECB431DBB001B00BE63F1 /* Build configuration list for PBXProject "CatFeeder1" */ = {
			isa = XCConfigurationList;
			buildConfigurations = (
				03BECB6E1DBB001B00BE63F1 /* Debug */,
				03BECB6F1DBB001B00BE63F1 /* Release */,
			);
			defaultConfigurationIsVisible = 0;
			defaultConfigurationName = Release;
		};
		03BECB701DBB001B00BE63F1 /* Build configuration list for PBXNativeTarget "CatFeeder1" */ = {
			isa = XCConfigurationList;
			buildConfigurations = (
				03BECB711DBB001B00BE63F1 /* Debug */,
				03BECB721DBB001B00BE63F1 /* Release */,
			);
			defaultConfigurationIsVisible = 0;
			defaultConfigurationName = Release;
		};
		03BECB731DBB001B00BE63F1 /* Build configuration list for PBXNativeTarget "CatFeeder1Tests" */ = {
			isa = XCConfigurationList;
			buildConfigurations = (
				03BECB741DBB001B00BE63F1 /* Debug */,
				03BECB751DBB001B00BE63F1 /* Release */,
			);
			defaultConfigurationIsVisible = 0;
			defaultConfigurationName = Release;
		};
		03BECB761DBB001B00BE63F1 /* Build configuration list for PBXNativeTarget "CatFeeder1UITests" */ = {
			isa = XCConfigurationList;
			buildConfigurations = (
				03BECB771DBB001B00BE63F1 /* Debug */,
				03BECB781DBB001B00BE63F1 /* Release */,
			);
			defaultConfigurationIsVisible = 0;
			defaultConfigurationName = Release;
		};
/* End XCConfigurationList section */
	};
	rootObject = 03BECB401DBB001B00BE63F1 /* Project object */;
}
