// !$*UTF8*$!
{
	archiveVersion = 1;
	classes = {
	};
	objectVersion = 46;
	objects = {

/* Begin PBXBuildFile section */
		03BECB121DBAFACC00BE63F1 /* AppDelegate.swift in Sources */ = {isa = PBXBuildFile; fileRef = 03BECB111DBAFACC00BE63F1 /* AppDelegate.swift */; };
		03BECB141DBAFACC00BE63F1 /* ViewController.swift in Sources */ = {isa = PBXBuildFile; fileRef = 03BECB131DBAFACC00BE63F1 /* ViewController.swift */; };
		03BECB171DBAFACC00BE63F1 /* Main.storyboard in Resources */ = {isa = PBXBuildFile; fileRef = 03BECB151DBAFACC00BE63F1 /* Main.storyboard */; };
		03BECB191DBAFACC00BE63F1 /* Assets.xcassets in Resources */ = {isa = PBXBuildFile; fileRef = 03BECB181DBAFACC00BE63F1 /* Assets.xcassets */; };
		03BECB1C1DBAFACC00BE63F1 /* LaunchScreen.storyboard in Resources */ = {isa = PBXBuildFile; fileRef = 03BECB1A1DBAFACC00BE63F1 /* LaunchScreen.storyboard */; };
		03BECB271DBAFACC00BE63F1 /* CatFeederTests.swift in Sources */ = {isa = PBXBuildFile; fileRef = 03BECB261DBAFACC00BE63F1 /* CatFeederTests.swift */; };
		03BECB321DBAFACC00BE63F1 /* CatFeederUITests.swift in Sources */ = {isa = PBXBuildFile; fileRef = 03BECB311DBAFACC00BE63F1 /* CatFeederUITests.swift */; };
/* End PBXBuildFile section */

/* Begin PBXContainerItemProxy section */
		03BECB231DBAFACC00BE63F1 /* PBXContainerItemProxy */ = {
			isa = PBXContainerItemProxy;
			containerPortal = 03BECB061DBAFACC00BE63F1 /* Project object */;
			proxyType = 1;
			remoteGlobalIDString = 03BECB0D1DBAFACC00BE63F1;
			remoteInfo = CatFeeder;
		};
		03BECB2E1DBAFACC00BE63F1 /* PBXContainerItemProxy */ = {
			isa = PBXContainerItemProxy;
			containerPortal = 03BECB061DBAFACC00BE63F1 /* Project object */;
			proxyType = 1;
			remoteGlobalIDString = 03BECB0D1DBAFACC00BE63F1;
			remoteInfo = CatFeeder;
		};
/* End PBXContainerItemProxy section */

/* Begin PBXFileReference section */
		03BECB0E1DBAFACC00BE63F1 /* CatFeeder.app */ = {isa = PBXFileReference; explicitFileType = wrapper.application; includeInIndex = 0; path = CatFeeder.app; sourceTree = BUILT_PRODUCTS_DIR; };
		03BECB111DBAFACC00BE63F1 /* AppDelegate.swift */ = {isa = PBXFileReference; lastKnownFileType = sourcecode.swift; path = AppDelegate.swift; sourceTree = "<group>"; };
		03BECB131DBAFACC00BE63F1 /* ViewController.swift */ = {isa = PBXFileReference; lastKnownFileType = sourcecode.swift; path = ViewController.swift; sourceTree = "<group>"; };
		03BECB161DBAFACC00BE63F1 /* Base */ = {isa = PBXFileReference; lastKnownFileType = file.storyboard; name = Base; path = Base.lproj/Main.storyboard; sourceTree = "<group>"; };
		03BECB181DBAFACC00BE63F1 /* Assets.xcassets */ = {isa = PBXFileReference; lastKnownFileType = folder.assetcatalog; path = Assets.xcassets; sourceTree = "<group>"; };
		03BECB1B1DBAFACC00BE63F1 /* Base */ = {isa = PBXFileReference; lastKnownFileType = file.storyboard; name = Base; path = Base.lproj/LaunchScreen.storyboard; sourceTree = "<group>"; };
		03BECB1D1DBAFACC00BE63F1 /* Info.plist */ = {isa = PBXFileReference; lastKnownFileType = text.plist.xml; path = Info.plist; sourceTree = "<group>"; };
		03BECB221DBAFACC00BE63F1 /* CatFeederTests.xctest */ = {isa = PBXFileReference; explicitFileType = wrapper.cfbundle; includeInIndex = 0; path = CatFeederTests.xctest; sourceTree = BUILT_PRODUCTS_DIR; };
		03BECB261DBAFACC00BE63F1 /* CatFeederTests.swift */ = {isa = PBXFileReference; lastKnownFileType = sourcecode.swift; path = CatFeederTests.swift; sourceTree = "<group>"; };
		03BECB281DBAFACC00BE63F1 /* Info.plist */ = {isa = PBXFileReference; lastKnownFileType = text.plist.xml; path = Info.plist; sourceTree = "<group>"; };
		03BECB2D1DBAFACC00BE63F1 /* CatFeederUITests.xctest */ = {isa = PBXFileReference; explicitFileType = wrapper.cfbundle; includeInIndex = 0; path = CatFeederUITests.xctest; sourceTree = BUILT_PRODUCTS_DIR; };
		03BECB311DBAFACC00BE63F1 /* CatFeederUITests.swift */ = {isa = PBXFileReference; lastKnownFileType = sourcecode.swift; path = CatFeederUITests.swift; sourceTree = "<group>"; };
		03BECB331DBAFACC00BE63F1 /* Info.plist */ = {isa = PBXFileReference; lastKnownFileType = text.plist.xml; path = Info.plist; sourceTree = "<group>"; };
/* End PBXFileReference section */

/* Begin PBXFrameworksBuildPhase section */
		03BECB0B1DBAFACC00BE63F1 /* Frameworks */ = {
			isa = PBXFrameworksBuildPhase;
			buildActionMask = 2147483647;
			files = (
			);
			runOnlyForDeploymentPostprocessing = 0;
		};
		03BECB1F1DBAFACC00BE63F1 /* Frameworks */ = {
			isa = PBXFrameworksBuildPhase;
			buildActionMask = 2147483647;
			files = (
			);
			runOnlyForDeploymentPostprocessing = 0;
		};
		03BECB2A1DBAFACC00BE63F1 /* Frameworks */ = {
			isa = PBXFrameworksBuildPhase;
			buildActionMask = 2147483647;
			files = (
			);
			runOnlyForDeploymentPostprocessing = 0;
		};
/* End PBXFrameworksBuildPhase section */

/* Begin PBXGroup section */
		03BECB051DBAFACC00BE63F1 = {
			isa = PBXGroup;
			children = (
				03BECB101DBAFACC00BE63F1 /* CatFeeder */,
				03BECB251DBAFACC00BE63F1 /* CatFeederTests */,
				03BECB301DBAFACC00BE63F1 /* CatFeederUITests */,
				03BECB0F1DBAFACC00BE63F1 /* Products */,
			);
			sourceTree = "<group>";
		};
		03BECB0F1DBAFACC00BE63F1 /* Products */ = {
			isa = PBXGroup;
			children = (
				03BECB0E1DBAFACC00BE63F1 /* CatFeeder.app */,
				03BECB221DBAFACC00BE63F1 /* CatFeederTests.xctest */,
				03BECB2D1DBAFACC00BE63F1 /* CatFeederUITests.xctest */,
			);
			name = Products;
			sourceTree = "<group>";
		};
		03BECB101DBAFACC00BE63F1 /* CatFeeder */ = {
			isa = PBXGroup;
			children = (
				03BECB111DBAFACC00BE63F1 /* AppDelegate.swift */,
				03BECB131DBAFACC00BE63F1 /* ViewController.swift */,
				03BECB151DBAFACC00BE63F1 /* Main.storyboard */,
				03BECB181DBAFACC00BE63F1 /* Assets.xcassets */,
				03BECB1A1DBAFACC00BE63F1 /* LaunchScreen.storyboard */,
				03BECB1D1DBAFACC00BE63F1 /* Info.plist */,
			);
			path = CatFeeder;
			sourceTree = "<group>";
		};
		03BECB251DBAFACC00BE63F1 /* CatFeederTests */ = {
			isa = PBXGroup;
			children = (
				03BECB261DBAFACC00BE63F1 /* CatFeederTests.swift */,
				03BECB281DBAFACC00BE63F1 /* Info.plist */,
			);
			path = CatFeederTests;
			sourceTree = "<group>";
		};
		03BECB301DBAFACC00BE63F1 /* CatFeederUITests */ = {
			isa = PBXGroup;
			children = (
				03BECB311DBAFACC00BE63F1 /* CatFeederUITests.swift */,
				03BECB331DBAFACC00BE63F1 /* Info.plist */,
			);
			path = CatFeederUITests;
			sourceTree = "<group>";
		};
/* End PBXGroup section */

/* Begin PBXNativeTarget section */
		03BECB0D1DBAFACC00BE63F1 /* CatFeeder */ = {
			isa = PBXNativeTarget;
			buildConfigurationList = 03BECB361DBAFACC00BE63F1 /* Build configuration list for PBXNativeTarget "CatFeeder" */;
			buildPhases = (
				03BECB0A1DBAFACC00BE63F1 /* Sources */,
				03BECB0B1DBAFACC00BE63F1 /* Frameworks */,
				03BECB0C1DBAFACC00BE63F1 /* Resources */,
			);
			buildRules = (
			);
			dependencies = (
			);
			name = CatFeeder;
			productName = CatFeeder;
			productReference = 03BECB0E1DBAFACC00BE63F1 /* CatFeeder.app */;
			productType = "com.apple.product-type.application";
		};
		03BECB211DBAFACC00BE63F1 /* CatFeederTests */ = {
			isa = PBXNativeTarget;
			buildConfigurationList = 03BECB391DBAFACC00BE63F1 /* Build configuration list for PBXNativeTarget "CatFeederTests" */;
			buildPhases = (
				03BECB1E1DBAFACC00BE63F1 /* Sources */,
				03BECB1F1DBAFACC00BE63F1 /* Frameworks */,
				03BECB201DBAFACC00BE63F1 /* Resources */,
			);
			buildRules = (
			);
			dependencies = (
				03BECB241DBAFACC00BE63F1 /* PBXTargetDependency */,
			);
			name = CatFeederTests;
			productName = CatFeederTests;
			productReference = 03BECB221DBAFACC00BE63F1 /* CatFeederTests.xctest */;
			productType = "com.apple.product-type.bundle.unit-test";
		};
		03BECB2C1DBAFACC00BE63F1 /* CatFeederUITests */ = {
			isa = PBXNativeTarget;
			buildConfigurationList = 03BECB3C1DBAFACC00BE63F1 /* Build configuration list for PBXNativeTarget "CatFeederUITests" */;
			buildPhases = (
				03BECB291DBAFACC00BE63F1 /* Sources */,
				03BECB2A1DBAFACC00BE63F1 /* Frameworks */,
				03BECB2B1DBAFACC00BE63F1 /* Resources */,
			);
			buildRules = (
			);
			dependencies = (
				03BECB2F1DBAFACC00BE63F1 /* PBXTargetDependency */,
			);
			name = CatFeederUITests;
			productName = CatFeederUITests;
			productReference = 03BECB2D1DBAFACC00BE63F1 /* CatFeederUITests.xctest */;
			productType = "com.apple.product-type.bundle.ui-testing";
		};
/* End PBXNativeTarget section */

/* Begin PBXProject section */
		03BECB061DBAFACC00BE63F1 /* Project object */ = {
			isa = PBXProject;
			attributes = {
				LastSwiftUpdateCheck = 0800;
				LastUpgradeCheck = 0800;
				ORGANIZATIONNAME = HackGT;
				TargetAttributes = {
					03BECB0D1DBAFACC00BE63F1 = {
						CreatedOnToolsVersion = 8.0;
						ProvisioningStyle = Automatic;
					};
					03BECB211DBAFACC00BE63F1 = {
						CreatedOnToolsVersion = 8.0;
						ProvisioningStyle = Automatic;
						TestTargetID = 03BECB0D1DBAFACC00BE63F1;
					};
					03BECB2C1DBAFACC00BE63F1 = {
						CreatedOnToolsVersion = 8.0;
						ProvisioningStyle = Automatic;
						TestTargetID = 03BECB0D1DBAFACC00BE63F1;
					};
				};
			};
			buildConfigurationList = 03BECB091DBAFACC00BE63F1 /* Build configuration list for PBXProject "CatFeeder" */;
			compatibilityVersion = "Xcode 3.2";
			developmentRegion = English;
			hasScannedForEncodings = 0;
			knownRegions = (
				en,
				Base,
			);
			mainGroup = 03BECB051DBAFACC00BE63F1;
			productRefGroup = 03BECB0F1DBAFACC00BE63F1 /* Products */;
			projectDirPath = "";
			projectRoot = "";
			targets = (
				03BECB0D1DBAFACC00BE63F1 /* CatFeeder */,
				03BECB211DBAFACC00BE63F1 /* CatFeederTests */,
				03BECB2C1DBAFACC00BE63F1 /* CatFeederUITests */,
			);
		};
/* End PBXProject section */

/* Begin PBXResourcesBuildPhase section */
		03BECB0C1DBAFACC00BE63F1 /* Resources */ = {
			isa = PBXResourcesBuildPhase;
			buildActionMask = 2147483647;
			files = (
				03BECB1C1DBAFACC00BE63F1 /* LaunchScreen.storyboard in Resources */,
				03BECB191DBAFACC00BE63F1 /* Assets.xcassets in Resources */,
				03BECB171DBAFACC00BE63F1 /* Main.storyboard in Resources */,
			);
			runOnlyForDeploymentPostprocessing = 0;
		};
		03BECB201DBAFACC00BE63F1 /* Resources */ = {
			isa = PBXResourcesBuildPhase;
			buildActionMask = 2147483647;
			files = (
			);
			runOnlyForDeploymentPostprocessing = 0;
		};
		03BECB2B1DBAFACC00BE63F1 /* Resources */ = {
			isa = PBXResourcesBuildPhase;
			buildActionMask = 2147483647;
			files = (
			);
			runOnlyForDeploymentPostprocessing = 0;
		};
/* End PBXResourcesBuildPhase section */

/* Begin PBXSourcesBuildPhase section */
		03BECB0A1DBAFACC00BE63F1 /* Sources */ = {
			isa = PBXSourcesBuildPhase;
			buildActionMask = 2147483647;
			files = (
				03BECB141DBAFACC00BE63F1 /* ViewController.swift in Sources */,
				03BECB121DBAFACC00BE63F1 /* AppDelegate.swift in Sources */,
			);
			runOnlyForDeploymentPostprocessing = 0;
		};
		03BECB1E1DBAFACC00BE63F1 /* Sources */ = {
			isa = PBXSourcesBuildPhase;
			buildActionMask = 2147483647;
			files = (
				03BECB271DBAFACC00BE63F1 /* CatFeederTests.swift in Sources */,
			);
			runOnlyForDeploymentPostprocessing = 0;
		};
		03BECB291DBAFACC00BE63F1 /* Sources */ = {
			isa = PBXSourcesBuildPhase;
			buildActionMask = 2147483647;
			files = (
				03BECB321DBAFACC00BE63F1 /* CatFeederUITests.swift in Sources */,
			);
			runOnlyForDeploymentPostprocessing = 0;
		};
/* End PBXSourcesBuildPhase section */

/* Begin PBXTargetDependency section */
		03BECB241DBAFACC00BE63F1 /* PBXTargetDependency */ = {
			isa = PBXTargetDependency;
			target = 03BECB0D1DBAFACC00BE63F1 /* CatFeeder */;
			targetProxy = 03BECB231DBAFACC00BE63F1 /* PBXContainerItemProxy */;
		};
		03BECB2F1DBAFACC00BE63F1 /* PBXTargetDependency */ = {
			isa = PBXTargetDependency;
			target = 03BECB0D1DBAFACC00BE63F1 /* CatFeeder */;
			targetProxy = 03BECB2E1DBAFACC00BE63F1 /* PBXContainerItemProxy */;
		};
/* End PBXTargetDependency section */

/* Begin PBXVariantGroup section */
		03BECB151DBAFACC00BE63F1 /* Main.storyboard */ = {
			isa = PBXVariantGroup;
			children = (
				03BECB161DBAFACC00BE63F1 /* Base */,
			);
			name = Main.storyboard;
			sourceTree = "<group>";
		};
		03BECB1A1DBAFACC00BE63F1 /* LaunchScreen.storyboard */ = {
			isa = PBXVariantGroup;
			children = (
				03BECB1B1DBAFACC00BE63F1 /* Base */,
			);
			name = LaunchScreen.storyboard;
			sourceTree = "<group>";
		};
/* End PBXVariantGroup section */

/* Begin XCBuildConfiguration section */
		03BECB341DBAFACC00BE63F1 /* Debug */ = {
			isa = XCBuildConfiguration;
			buildSettings = {
				ALWAYS_SEARCH_USER_PATHS = NO;
				CLANG_ANALYZER_NONNULL = YES;
				CLANG_CXX_LANGUAGE_STANDARD = "gnu++0x";
				CLANG_CXX_LIBRARY = "libc++";
				CLANG_ENABLE_MODULES = YES;
				CLANG_ENABLE_OBJC_ARC = YES;
				CLANG_WARN_BOOL_CONVERSION = YES;
				CLANG_WARN_CONSTANT_CONVERSION = YES;
				CLANG_WARN_DIRECT_OBJC_ISA_USAGE = YES_ERROR;
				CLANG_WARN_DOCUMENTATION_COMMENTS = YES;
				CLANG_WARN_EMPTY_BODY = YES;
				CLANG_WARN_ENUM_CONVERSION = YES;
				CLANG_WARN_INFINITE_RECURSION = YES;
				CLANG_WARN_INT_CONVERSION = YES;
				CLANG_WARN_OBJC_ROOT_CLASS = YES_ERROR;
				CLANG_WARN_SUSPICIOUS_MOVES = YES;
				CLANG_WARN_UNREACHABLE_CODE = YES;
				CLANG_WARN__DUPLICATE_METHOD_MATCH = YES;
				"CODE_SIGN_IDENTITY[sdk=iphoneos*]" = "iPhone Developer";
				COPY_PHASE_STRIP = NO;
				DEBUG_INFORMATION_FORMAT = dwarf;
				ENABLE_STRICT_OBJC_MSGSEND = YES;
				ENABLE_TESTABILITY = YES;
				GCC_C_LANGUAGE_STANDARD = gnu99;
				GCC_DYNAMIC_NO_PIC = NO;
				GCC_NO_COMMON_BLOCKS = YES;
				GCC_OPTIMIZATION_LEVEL = 0;
				GCC_PREPROCESSOR_DEFINITIONS = (
					"DEBUG=1",
					"$(inherited)",
				);
				GCC_WARN_64_TO_32_BIT_CONVERSION = YES;
				GCC_WARN_ABOUT_RETURN_TYPE = YES_ERROR;
				GCC_WARN_UNDECLARED_SELECTOR = YES;
				GCC_WARN_UNINITIALIZED_AUTOS = YES_AGGRESSIVE;
				GCC_WARN_UNUSED_FUNCTION = YES;
				GCC_WARN_UNUSED_VARIABLE = YES;
				IPHONEOS_DEPLOYMENT_TARGET = 10.0;
				MTL_ENABLE_DEBUG_INFO = YES;
				ONLY_ACTIVE_ARCH = YES;
				SDKROOT = iphoneos;
				SWIFT_ACTIVE_COMPILATION_CONDITIONS = DEBUG;
				SWIFT_OPTIMIZATION_LEVEL = "-Onone";
				TARGETED_DEVICE_FAMILY = "1,2";
			};
			name = Debug;
		};
		03BECB351DBAFACC00BE63F1 /* Release */ = {
			isa = XCBuildConfiguration;
			buildSettings = {
				ALWAYS_SEARCH_USER_PATHS = NO;
				CLANG_ANALYZER_NONNULL = YES;
				CLANG_CXX_LANGUAGE_STANDARD = "gnu++0x";
				CLANG_CXX_LIBRARY = "libc++";
				CLANG_ENABLE_MODULES = YES;
				CLANG_ENABLE_OBJC_ARC = YES;
				CLANG_WARN_BOOL_CONVERSION = YES;
				CLANG_WARN_CONSTANT_CONVERSION = YES;
				CLANG_WARN_DIRECT_OBJC_ISA_USAGE = YES_ERROR;
				CLANG_WARN_DOCUMENTATION_COMMENTS = YES;
				CLANG_WARN_EMPTY_BODY = YES;
				CLANG_WARN_ENUM_CONVERSION = YES;
				CLANG_WARN_INFINITE_RECURSION = YES;
				CLANG_WARN_INT_CONVERSION = YES;
				CLANG_WARN_OBJC_ROOT_CLASS = YES_ERROR;
				CLANG_WARN_SUSPICIOUS_MOVES = YES;
				CLANG_WARN_UNREACHABLE_CODE = YES;
				CLANG_WARN__DUPLICATE_METHOD_MATCH = YES;
				"CODE_SIGN_IDENTITY[sdk=iphoneos*]" = "iPhone Developer";
				COPY_PHASE_STRIP = NO;
				DEBUG_INFORMATION_FORMAT = "dwarf-with-dsym";
				ENABLE_NS_ASSERTIONS = NO;
				ENABLE_STRICT_OBJC_MSGSEND = YES;
				GCC_C_LANGUAGE_STANDARD = gnu99;
				GCC_NO_COMMON_BLOCKS = YES;
				GCC_WARN_64_TO_32_BIT_CONVERSION = YES;
				GCC_WARN_ABOUT_RETURN_TYPE = YES_ERROR;
				GCC_WARN_UNDECLARED_SELECTOR = YES;
				GCC_WARN_UNINITIALIZED_AUTOS = YES_AGGRESSIVE;
				GCC_WARN_UNUSED_FUNCTION = YES;
				GCC_WARN_UNUSED_VARIABLE = YES;
				IPHONEOS_DEPLOYMENT_TARGET = 10.0;
				MTL_ENABLE_DEBUG_INFO = NO;
				SDKROOT = iphoneos;
				SWIFT_OPTIMIZATION_LEVEL = "-Owholemodule";
				TARGETED_DEVICE_FAMILY = "1,2";
				VALIDATE_PRODUCT = YES;
			};
			name = Release;
		};
		03BECB371DBAFACC00BE63F1 /* Debug */ = {
			isa = XCBuildConfiguration;
			buildSettings = {
				ASSETCATALOG_COMPILER_APPICON_NAME = AppIcon;
				INFOPLIST_FILE = CatFeeder/Info.plist;
				LD_RUNPATH_SEARCH_PATHS = "$(inherited) @executable_path/Frameworks";
				PRODUCT_BUNDLE_IDENTIFIER = comNidhi.CatFeeder;
				PRODUCT_NAME = "$(TARGET_NAME)";
				SWIFT_VERSION = 3.0;
			};
			name = Debug;
		};
		03BECB381DBAFACC00BE63F1 /* Release */ = {
			isa = XCBuildConfiguration;
			buildSettings = {
				ASSETCATALOG_COMPILER_APPICON_NAME = AppIcon;
				INFOPLIST_FILE = CatFeeder/Info.plist;
				LD_RUNPATH_SEARCH_PATHS = "$(inherited) @executable_path/Frameworks";
				PRODUCT_BUNDLE_IDENTIFIER = comNidhi.CatFeeder;
				PRODUCT_NAME = "$(TARGET_NAME)";
				SWIFT_VERSION = 3.0;
			};
			name = Release;
		};
		03BECB3A1DBAFACC00BE63F1 /* Debug */ = {
			isa = XCBuildConfiguration;
			buildSettings = {
				ALWAYS_EMBED_SWIFT_STANDARD_LIBRARIES = YES;
				BUNDLE_LOADER = "$(TEST_HOST)";
				INFOPLIST_FILE = CatFeederTests/Info.plist;
				LD_RUNPATH_SEARCH_PATHS = "$(inherited) @executable_path/Frameworks @loader_path/Frameworks";
				PRODUCT_BUNDLE_IDENTIFIER = comNidhi.CatFeederTests;
				PRODUCT_NAME = "$(TARGET_NAME)";
				SWIFT_VERSION = 3.0;
				TEST_HOST = "$(BUILT_PRODUCTS_DIR)/CatFeeder.app/CatFeeder";
			};
			name = Debug;
		};
		03BECB3B1DBAFACC00BE63F1 /* Release */ = {
			isa = XCBuildConfiguration;
			buildSettings = {
				ALWAYS_EMBED_SWIFT_STANDARD_LIBRARIES = YES;
				BUNDLE_LOADER = "$(TEST_HOST)";
				INFOPLIST_FILE = CatFeederTests/Info.plist;
				LD_RUNPATH_SEARCH_PATHS = "$(inherited) @executable_path/Frameworks @loader_path/Frameworks";
				PRODUCT_BUNDLE_IDENTIFIER = comNidhi.CatFeederTests;
				PRODUCT_NAME = "$(TARGET_NAME)";
				SWIFT_VERSION = 3.0;
				TEST_HOST = "$(BUILT_PRODUCTS_DIR)/CatFeeder.app/CatFeeder";
			};
			name = Release;
		};
		03BECB3D1DBAFACC00BE63F1 /* Debug */ = {
			isa = XCBuildConfiguration;
			buildSettings = {
				ALWAYS_EMBED_SWIFT_STANDARD_LIBRARIES = YES;
				INFOPLIST_FILE = CatFeederUITests/Info.plist;
				LD_RUNPATH_SEARCH_PATHS = "$(inherited) @executable_path/Frameworks @loader_path/Frameworks";
				PRODUCT_BUNDLE_IDENTIFIER = comNidhi.CatFeederUITests;
				PRODUCT_NAME = "$(TARGET_NAME)";
				SWIFT_VERSION = 3.0;
				TEST_TARGET_NAME = CatFeeder;
			};
			name = Debug;
		};
		03BECB3E1DBAFACC00BE63F1 /* Release */ = {
			isa = XCBuildConfiguration;
			buildSettings = {
				ALWAYS_EMBED_SWIFT_STANDARD_LIBRARIES = YES;
				INFOPLIST_FILE = CatFeederUITests/Info.plist;
				LD_RUNPATH_SEARCH_PATHS = "$(inherited) @executable_path/Frameworks @loader_path/Frameworks";
				PRODUCT_BUNDLE_IDENTIFIER = comNidhi.CatFeederUITests;
				PRODUCT_NAME = "$(TARGET_NAME)";
				SWIFT_VERSION = 3.0;
				TEST_TARGET_NAME = CatFeeder;
			};
			name = Release;
		};
/* End XCBuildConfiguration section */

/* Begin XCConfigurationList section */
		03BECB091DBAFACC00BE63F1 /* Build configuration list for PBXProject "CatFeeder" */ = {
			isa = XCConfigurationList;
			buildConfigurations = (
				03BECB341DBAFACC00BE63F1 /* Debug */,
				03BECB351DBAFACC00BE63F1 /* Release */,
			);
			defaultConfigurationIsVisible = 0;
			defaultConfigurationName = Release;
		};
		03BECB361DBAFACC00BE63F1 /* Build configuration list for PBXNativeTarget "CatFeeder" */ = {
			isa = XCConfigurationList;
			buildConfigurations = (
				03BECB371DBAFACC00BE63F1 /* Debug */,
				03BECB381DBAFACC00BE63F1 /* Release */,
			);
			defaultConfigurationIsVisible = 0;
		};
		03BECB391DBAFACC00BE63F1 /* Build configuration list for PBXNativeTarget "CatFeederTests" */ = {
			isa = XCConfigurationList;
			buildConfigurations = (
				03BECB3A1DBAFACC00BE63F1 /* Debug */,
				03BECB3B1DBAFACC00BE63F1 /* Release */,
			);
			defaultConfigurationIsVisible = 0;
		};
		03BECB3C1DBAFACC00BE63F1 /* Build configuration list for PBXNativeTarget "CatFeederUITests" */ = {
			isa = XCConfigurationList;
			buildConfigurations = (
				03BECB3D1DBAFACC00BE63F1 /* Debug */,
				03BECB3E1DBAFACC00BE63F1 /* Release */,
			);
			defaultConfigurationIsVisible = 0;
		};
/* End XCConfigurationList section */
	};
	rootObject = 03BECB061DBAFACC00BE63F1 /* Project object */;
}
